
Microsoft Visual Studio Solution File, Format Version 12.00
# Visual Studio 15
VisualStudioVersion = 15.0.27004.2009
MinimumVisualStudioVersion = 10.0.40219.1
Project("{FAE04EC0-301F-11D3-BF4B-00C04F79EFBC}") = "AbstractController", "..\AbstractController\AbstractController\AbstractController.csproj", "{729D4737-0773-440F-B79E-5CE13C39E8A8}"
EndProject
Project("{FAE04EC0-301F-11D3-BF4B-00C04F79EFBC}") = "Buffer", "..\Buffer\Buffer\Buffer.csproj", "{A4E6D34D-9407-40B7-A5E1-15C040584399}"
EndProject
Project("{FAE04EC0-301F-11D3-BF4B-00C04F79EFBC}") = "Communication", "..\Communication\Communication\Communication.csproj", "{D7B1494D-A547-420F-8E79-A8746552686C}"
EndProject
Project("{FAE04EC0-301F-11D3-BF4B-00C04F79EFBC}") = "Controller", "..\Controller\Controller\Controller.csproj", "{41EB105C-05D3-4629-8CE4-C4718D2E278C}"
EndProject
Project("{FAE04EC0-301F-11D3-BF4B-00C04F79EFBC}") = "CustomElements", "..\CustomElements\CustomElements\CustomElements.csproj", "{727C9F78-694C-4C30-99DC-0C81D84B49A8}"
EndProject
Project("{FAE04EC0-301F-11D3-BF4B-00C04F79EFBC}") = "Generator", "..\Generator\Generator\Generator.csproj", "{618F796E-6ED6-4F5D-8BA9-08929DD46038}"
EndProject
Project("{FAE04EC0-301F-11D3-BF4B-00C04F79EFBC}") = "Model", "..\Model\Model\Model.csproj", "{8E3379F7-41FB-4A3B-B3EC-74451D7E9E6C}"
EndProject
Project("{FAE04EC0-301F-11D3-BF4B-00C04F79EFBC}") = "View", "..\View\View\View.csproj", "{F7A4A900-EC4B-48D4-8708-71F0EA844C09}"
EndProject
Project("{FAE04EC0-301F-11D3-BF4B-00C04F79EFBC}") = "HardwareAdWin", "..\HardwareAdWin\HardwareAdWin\HardwareAdWin.csproj", "{C6AF2F23-8196-45AD-8D1C-7B3D67370636}"
EndProject
Project("{FAE04EC0-301F-11D3-BF4B-00C04F79EFBC}") = "Errors", "..\Errors\Errors\Errors.csproj", "{60AE18B6-AF6C-413A-B2E3-A7E04F4796F3}"
EndProject
Project("{FAE04EC0-301F-11D3-BF4B-00C04F79EFBC}") = "HardwareDAQmx", "..\HardwareDAQmx\HardwareDAQmx\HardwareDAQmx.csproj", "{904720BA-1067-4167-8B47-6B08F269BE6C}"
EndProject
Project("{2150E333-8FDC-42A3-9474-1A3956D46DE8}") = ".nuget", ".nuget", "{E60D1842-1694-4EAB-8674-253E811A91B8}"
	ProjectSection(SolutionItems) = preProject
		.nuget\NuGet.Config = .nuget\NuGet.Config
		.nuget\NuGet.exe = .nuget\NuGet.exe
		.nuget\NuGet.targets = .nuget\NuGet.targets
	EndProjectSection
EndProject
Project("{FAE04EC0-301F-11D3-BF4B-00C04F79EFBC}") = "MainProject", "MainProject.csproj", "{D702D6BC-3B82-46D9-9802-DB767B9BC5D1}"
EndProject
Project("{FAE04EC0-301F-11D3-BF4B-00C04F79EFBC}") = "PythonUtils", "..\PythonUtils\PythonUtils.csproj", "{AB2525A9-F536-42CB-8D40-3B6483E7AA53}"
EndProject
Project("{FAE04EC0-301F-11D3-BF4B-00C04F79EFBC}") = "GeneratorUT", "..\GeneratorUT\GeneratorUT.csproj", "{B96AEE3A-ECD0-4937-A5B7-999A111726D1}"
EndProject
Global
	GlobalSection(SolutionConfigurationPlatforms) = preSolution
		CD_ROM|Any CPU = CD_ROM|Any CPU
		CD_ROM|Mixed Platforms = CD_ROM|Mixed Platforms
		CD_ROM|x64 = CD_ROM|x64
		CD_ROM|x86 = CD_ROM|x86
		Debug|Any CPU = Debug|Any CPU
		Debug|Mixed Platforms = Debug|Mixed Platforms
		Debug|x64 = Debug|x64
		Debug|x86 = Debug|x86
		DVD-5|Any CPU = DVD-5|Any CPU
		DVD-5|Mixed Platforms = DVD-5|Mixed Platforms
		DVD-5|x64 = DVD-5|x64
		DVD-5|x86 = DVD-5|x86
		Release|Any CPU = Release|Any CPU
		Release|Mixed Platforms = Release|Mixed Platforms
		Release|x64 = Release|x64
		Release|x86 = Release|x86
		SingleImage|Any CPU = SingleImage|Any CPU
		SingleImage|Mixed Platforms = SingleImage|Mixed Platforms
		SingleImage|x64 = SingleImage|x64
		SingleImage|x86 = SingleImage|x86
	EndGlobalSection
	GlobalSection(ProjectConfigurationPlatforms) = postSolution
		{729D4737-0773-440F-B79E-5CE13C39E8A8}.CD_ROM|Any CPU.ActiveCfg = Release|Any CPU
		{729D4737-0773-440F-B79E-5CE13C39E8A8}.CD_ROM|Any CPU.Build.0 = Release|Any CPU
		{729D4737-0773-440F-B79E-5CE13C39E8A8}.CD_ROM|Mixed Platforms.ActiveCfg = Release|Any CPU
		{729D4737-0773-440F-B79E-5CE13C39E8A8}.CD_ROM|Mixed Platforms.Build.0 = Release|Any CPU
		{729D4737-0773-440F-B79E-5CE13C39E8A8}.CD_ROM|x64.ActiveCfg = Release|x64
		{729D4737-0773-440F-B79E-5CE13C39E8A8}.CD_ROM|x64.Build.0 = Release|x64
		{729D4737-0773-440F-B79E-5CE13C39E8A8}.CD_ROM|x86.ActiveCfg = Release|Any CPU
		{729D4737-0773-440F-B79E-5CE13C39E8A8}.Debug|Any CPU.ActiveCfg = Debug|Any CPU
		{729D4737-0773-440F-B79E-5CE13C39E8A8}.Debug|Any CPU.Build.0 = Debug|Any CPU
		{729D4737-0773-440F-B79E-5CE13C39E8A8}.Debug|Mixed Platforms.ActiveCfg = Debug|Any CPU
		{729D4737-0773-440F-B79E-5CE13C39E8A8}.Debug|Mixed Platforms.Build.0 = Debug|Any CPU
		{729D4737-0773-440F-B79E-5CE13C39E8A8}.Debug|x64.ActiveCfg = Debug|x64
		{729D4737-0773-440F-B79E-5CE13C39E8A8}.Debug|x64.Build.0 = Debug|x64
		{729D4737-0773-440F-B79E-5CE13C39E8A8}.Debug|x86.ActiveCfg = Debug|x86
		{729D4737-0773-440F-B79E-5CE13C39E8A8}.Debug|x86.Build.0 = Debug|x86
		{729D4737-0773-440F-B79E-5CE13C39E8A8}.DVD-5|Any CPU.ActiveCfg = Debug|Any CPU
		{729D4737-0773-440F-B79E-5CE13C39E8A8}.DVD-5|Any CPU.Build.0 = Debug|Any CPU
		{729D4737-0773-440F-B79E-5CE13C39E8A8}.DVD-5|Mixed Platforms.ActiveCfg = Debug|Any CPU
		{729D4737-0773-440F-B79E-5CE13C39E8A8}.DVD-5|Mixed Platforms.Build.0 = Debug|Any CPU
		{729D4737-0773-440F-B79E-5CE13C39E8A8}.DVD-5|x64.ActiveCfg = Debug|x64
		{729D4737-0773-440F-B79E-5CE13C39E8A8}.DVD-5|x64.Build.0 = Debug|x64
		{729D4737-0773-440F-B79E-5CE13C39E8A8}.DVD-5|x86.ActiveCfg = Debug|Any CPU
		{729D4737-0773-440F-B79E-5CE13C39E8A8}.Release|Any CPU.ActiveCfg = Release|Any CPU
		{729D4737-0773-440F-B79E-5CE13C39E8A8}.Release|Any CPU.Build.0 = Release|Any CPU
		{729D4737-0773-440F-B79E-5CE13C39E8A8}.Release|Mixed Platforms.ActiveCfg = Release|Any CPU
		{729D4737-0773-440F-B79E-5CE13C39E8A8}.Release|Mixed Platforms.Build.0 = Release|Any CPU
		{729D4737-0773-440F-B79E-5CE13C39E8A8}.Release|x64.ActiveCfg = Release|x64
		{729D4737-0773-440F-B79E-5CE13C39E8A8}.Release|x64.Build.0 = Release|x64
		{729D4737-0773-440F-B79E-5CE13C39E8A8}.Release|x86.ActiveCfg = Release|Any CPU
		{729D4737-0773-440F-B79E-5CE13C39E8A8}.Release|x86.Build.0 = Release|Any CPU
		{729D4737-0773-440F-B79E-5CE13C39E8A8}.SingleImage|Any CPU.ActiveCfg = Release|Any CPU
		{729D4737-0773-440F-B79E-5CE13C39E8A8}.SingleImage|Any CPU.Build.0 = Release|Any CPU
		{729D4737-0773-440F-B79E-5CE13C39E8A8}.SingleImage|Mixed Platforms.ActiveCfg = Release|Any CPU
		{729D4737-0773-440F-B79E-5CE13C39E8A8}.SingleImage|Mixed Platforms.Build.0 = Release|Any CPU
		{729D4737-0773-440F-B79E-5CE13C39E8A8}.SingleImage|x64.ActiveCfg = Release|x64
		{729D4737-0773-440F-B79E-5CE13C39E8A8}.SingleImage|x64.Build.0 = Release|x64
		{729D4737-0773-440F-B79E-5CE13C39E8A8}.SingleImage|x86.ActiveCfg = Release|Any CPU
		{A4E6D34D-9407-40B7-A5E1-15C040584399}.CD_ROM|Any CPU.ActiveCfg = Release|Any CPU
		{A4E6D34D-9407-40B7-A5E1-15C040584399}.CD_ROM|Any CPU.Build.0 = Release|Any CPU
		{A4E6D34D-9407-40B7-A5E1-15C040584399}.CD_ROM|Mixed Platforms.ActiveCfg = Release|Any CPU
		{A4E6D34D-9407-40B7-A5E1-15C040584399}.CD_ROM|Mixed Platforms.Build.0 = Release|Any CPU
		{A4E6D34D-9407-40B7-A5E1-15C040584399}.CD_ROM|x64.ActiveCfg = Release|x64
		{A4E6D34D-9407-40B7-A5E1-15C040584399}.CD_ROM|x64.Build.0 = Release|x64
		{A4E6D34D-9407-40B7-A5E1-15C040584399}.CD_ROM|x86.ActiveCfg = Release|Any CPU
		{A4E6D34D-9407-40B7-A5E1-15C040584399}.Debug|Any CPU.ActiveCfg = Debug|Any CPU
		{A4E6D34D-9407-40B7-A5E1-15C040584399}.Debug|Any CPU.Build.0 = Debug|Any CPU
		{A4E6D34D-9407-40B7-A5E1-15C040584399}.Debug|Mixed Platforms.ActiveCfg = Debug|Any CPU
		{A4E6D34D-9407-40B7-A5E1-15C040584399}.Debug|Mixed Platforms.Build.0 = Debug|Any CPU
		{A4E6D34D-9407-40B7-A5E1-15C040584399}.Debug|x64.ActiveCfg = Debug|x64
		{A4E6D34D-9407-40B7-A5E1-15C040584399}.Debug|x64.Build.0 = Debug|x64
		{A4E6D34D-9407-40B7-A5E1-15C040584399}.Debug|x86.ActiveCfg = Debug|x86
		{A4E6D34D-9407-40B7-A5E1-15C040584399}.Debug|x86.Build.0 = Debug|x86
		{A4E6D34D-9407-40B7-A5E1-15C040584399}.DVD-5|Any CPU.ActiveCfg = Debug|Any CPU
		{A4E6D34D-9407-40B7-A5E1-15C040584399}.DVD-5|Any CPU.Build.0 = Debug|Any CPU
		{A4E6D34D-9407-40B7-A5E1-15C040584399}.DVD-5|Mixed Platforms.ActiveCfg = Debug|Any CPU
		{A4E6D34D-9407-40B7-A5E1-15C040584399}.DVD-5|Mixed Platforms.Build.0 = Debug|Any CPU
		{A4E6D34D-9407-40B7-A5E1-15C040584399}.DVD-5|x64.ActiveCfg = Debug|x64
		{A4E6D34D-9407-40B7-A5E1-15C040584399}.DVD-5|x64.Build.0 = Debug|x64
		{A4E6D34D-9407-40B7-A5E1-15C040584399}.DVD-5|x86.ActiveCfg = Debug|Any CPU
		{A4E6D34D-9407-40B7-A5E1-15C040584399}.Release|Any CPU.ActiveCfg = Release|Any CPU
		{A4E6D34D-9407-40B7-A5E1-15C040584399}.Release|Any CPU.Build.0 = Release|Any CPU
		{A4E6D34D-9407-40B7-A5E1-15C040584399}.Release|Mixed Platforms.ActiveCfg = Release|Any CPU
		{A4E6D34D-9407-40B7-A5E1-15C040584399}.Release|Mixed Platforms.Build.0 = Release|Any CPU
		{A4E6D34D-9407-40B7-A5E1-15C040584399}.Release|x64.ActiveCfg = Release|x64
		{A4E6D34D-9407-40B7-A5E1-15C040584399}.Release|x64.Build.0 = Release|x64
		{A4E6D34D-9407-40B7-A5E1-15C040584399}.Release|x86.ActiveCfg = Release|Any CPU
		{A4E6D34D-9407-40B7-A5E1-15C040584399}.Release|x86.Build.0 = Release|Any CPU
		{A4E6D34D-9407-40B7-A5E1-15C040584399}.SingleImage|Any CPU.ActiveCfg = Release|Any CPU
		{A4E6D34D-9407-40B7-A5E1-15C040584399}.SingleImage|Any CPU.Build.0 = Release|Any CPU
		{A4E6D34D-9407-40B7-A5E1-15C040584399}.SingleImage|Mixed Platforms.ActiveCfg = Release|Any CPU
		{A4E6D34D-9407-40B7-A5E1-15C040584399}.SingleImage|Mixed Platforms.Build.0 = Release|Any CPU
		{A4E6D34D-9407-40B7-A5E1-15C040584399}.SingleImage|x64.ActiveCfg = Release|x64
		{A4E6D34D-9407-40B7-A5E1-15C040584399}.SingleImage|x64.Build.0 = Release|x64
		{A4E6D34D-9407-40B7-A5E1-15C040584399}.SingleImage|x86.ActiveCfg = Release|Any CPU
		{D7B1494D-A547-420F-8E79-A8746552686C}.CD_ROM|Any CPU.ActiveCfg = Release|Any CPU
		{D7B1494D-A547-420F-8E79-A8746552686C}.CD_ROM|Any CPU.Build.0 = Release|Any CPU
		{D7B1494D-A547-420F-8E79-A8746552686C}.CD_ROM|Mixed Platforms.ActiveCfg = Release|Any CPU
		{D7B1494D-A547-420F-8E79-A8746552686C}.CD_ROM|Mixed Platforms.Build.0 = Release|Any CPU
		{D7B1494D-A547-420F-8E79-A8746552686C}.CD_ROM|x64.ActiveCfg = Release|x64
		{D7B1494D-A547-420F-8E79-A8746552686C}.CD_ROM|x64.Build.0 = Release|x64
		{D7B1494D-A547-420F-8E79-A8746552686C}.CD_ROM|x86.ActiveCfg = Release|Any CPU
		{D7B1494D-A547-420F-8E79-A8746552686C}.Debug|Any CPU.ActiveCfg = Debug|Any CPU
		{D7B1494D-A547-420F-8E79-A8746552686C}.Debug|Any CPU.Build.0 = Debug|Any CPU
		{D7B1494D-A547-420F-8E79-A8746552686C}.Debug|Mixed Platforms.ActiveCfg = Debug|Any CPU
		{D7B1494D-A547-420F-8E79-A8746552686C}.Debug|Mixed Platforms.Build.0 = Debug|Any CPU
		{D7B1494D-A547-420F-8E79-A8746552686C}.Debug|x64.ActiveCfg = Debug|x64
		{D7B1494D-A547-420F-8E79-A8746552686C}.Debug|x64.Build.0 = Debug|x64
		{D7B1494D-A547-420F-8E79-A8746552686C}.Debug|x86.ActiveCfg = Debug|x86
		{D7B1494D-A547-420F-8E79-A8746552686C}.Debug|x86.Build.0 = Debug|x86
		{D7B1494D-A547-420F-8E79-A8746552686C}.DVD-5|Any CPU.ActiveCfg = Debug|Any CPU
		{D7B1494D-A547-420F-8E79-A8746552686C}.DVD-5|Any CPU.Build.0 = Debug|Any CPU
		{D7B1494D-A547-420F-8E79-A8746552686C}.DVD-5|Mixed Platforms.ActiveCfg = Debug|Any CPU
		{D7B1494D-A547-420F-8E79-A8746552686C}.DVD-5|Mixed Platforms.Build.0 = Debug|Any CPU
		{D7B1494D-A547-420F-8E79-A8746552686C}.DVD-5|x64.ActiveCfg = Debug|x64
		{D7B1494D-A547-420F-8E79-A8746552686C}.DVD-5|x64.Build.0 = Debug|x64
		{D7B1494D-A547-420F-8E79-A8746552686C}.DVD-5|x86.ActiveCfg = Debug|Any CPU
		{D7B1494D-A547-420F-8E79-A8746552686C}.Release|Any CPU.ActiveCfg = Release|Any CPU
		{D7B1494D-A547-420F-8E79-A8746552686C}.Release|Any CPU.Build.0 = Release|Any CPU
		{D7B1494D-A547-420F-8E79-A8746552686C}.Release|Mixed Platforms.ActiveCfg = Release|Any CPU
		{D7B1494D-A547-420F-8E79-A8746552686C}.Release|Mixed Platforms.Build.0 = Release|Any CPU
		{D7B1494D-A547-420F-8E79-A8746552686C}.Release|x64.ActiveCfg = Release|x64
		{D7B1494D-A547-420F-8E79-A8746552686C}.Release|x64.Build.0 = Release|x64
		{D7B1494D-A547-420F-8E79-A8746552686C}.Release|x86.ActiveCfg = Release|Any CPU
		{D7B1494D-A547-420F-8E79-A8746552686C}.Release|x86.Build.0 = Release|Any CPU
		{D7B1494D-A547-420F-8E79-A8746552686C}.SingleImage|Any CPU.ActiveCfg = Release|Any CPU
		{D7B1494D-A547-420F-8E79-A8746552686C}.SingleImage|Any CPU.Build.0 = Release|Any CPU
		{D7B1494D-A547-420F-8E79-A8746552686C}.SingleImage|Mixed Platforms.ActiveCfg = Release|Any CPU
		{D7B1494D-A547-420F-8E79-A8746552686C}.SingleImage|Mixed Platforms.Build.0 = Release|Any CPU
		{D7B1494D-A547-420F-8E79-A8746552686C}.SingleImage|x64.ActiveCfg = Release|x64
		{D7B1494D-A547-420F-8E79-A8746552686C}.SingleImage|x64.Build.0 = Release|x64
		{D7B1494D-A547-420F-8E79-A8746552686C}.SingleImage|x86.ActiveCfg = Release|Any CPU
		{41EB105C-05D3-4629-8CE4-C4718D2E278C}.CD_ROM|Any CPU.ActiveCfg = Release|Any CPU
		{41EB105C-05D3-4629-8CE4-C4718D2E278C}.CD_ROM|Any CPU.Build.0 = Release|Any CPU
		{41EB105C-05D3-4629-8CE4-C4718D2E278C}.CD_ROM|Mixed Platforms.ActiveCfg = Release|Any CPU
		{41EB105C-05D3-4629-8CE4-C4718D2E278C}.CD_ROM|Mixed Platforms.Build.0 = Release|Any CPU
		{41EB105C-05D3-4629-8CE4-C4718D2E278C}.CD_ROM|x64.ActiveCfg = Release|x64
		{41EB105C-05D3-4629-8CE4-C4718D2E278C}.CD_ROM|x64.Build.0 = Release|x64
		{41EB105C-05D3-4629-8CE4-C4718D2E278C}.CD_ROM|x86.ActiveCfg = Release|Any CPU
		{41EB105C-05D3-4629-8CE4-C4718D2E278C}.Debug|Any CPU.ActiveCfg = Debug|Any CPU
		{41EB105C-05D3-4629-8CE4-C4718D2E278C}.Debug|Any CPU.Build.0 = Debug|Any CPU
		{41EB105C-05D3-4629-8CE4-C4718D2E278C}.Debug|Mixed Platforms.ActiveCfg = Debug|Any CPU
		{41EB105C-05D3-4629-8CE4-C4718D2E278C}.Debug|Mixed Platforms.Build.0 = Debug|Any CPU
		{41EB105C-05D3-4629-8CE4-C4718D2E278C}.Debug|x64.ActiveCfg = Debug|x64
		{41EB105C-05D3-4629-8CE4-C4718D2E278C}.Debug|x64.Build.0 = Debug|x64
		{41EB105C-05D3-4629-8CE4-C4718D2E278C}.Debug|x86.ActiveCfg = Debug|x86
		{41EB105C-05D3-4629-8CE4-C4718D2E278C}.Debug|x86.Build.0 = Debug|x86
		{41EB105C-05D3-4629-8CE4-C4718D2E278C}.DVD-5|Any CPU.ActiveCfg = Debug|Any CPU
		{41EB105C-05D3-4629-8CE4-C4718D2E278C}.DVD-5|Any CPU.Build.0 = Debug|Any CPU
		{41EB105C-05D3-4629-8CE4-C4718D2E278C}.DVD-5|Mixed Platforms.ActiveCfg = Debug|Any CPU
		{41EB105C-05D3-4629-8CE4-C4718D2E278C}.DVD-5|Mixed Platforms.Build.0 = Debug|Any CPU
		{41EB105C-05D3-4629-8CE4-C4718D2E278C}.DVD-5|x64.ActiveCfg = Debug|x64
		{41EB105C-05D3-4629-8CE4-C4718D2E278C}.DVD-5|x64.Build.0 = Debug|x64
		{41EB105C-05D3-4629-8CE4-C4718D2E278C}.DVD-5|x86.ActiveCfg = Debug|Any CPU
		{41EB105C-05D3-4629-8CE4-C4718D2E278C}.Release|Any CPU.ActiveCfg = Release|Any CPU
		{41EB105C-05D3-4629-8CE4-C4718D2E278C}.Release|Any CPU.Build.0 = Release|Any CPU
		{41EB105C-05D3-4629-8CE4-C4718D2E278C}.Release|Mixed Platforms.ActiveCfg = Release|Any CPU
		{41EB105C-05D3-4629-8CE4-C4718D2E278C}.Release|Mixed Platforms.Build.0 = Release|Any CPU
		{41EB105C-05D3-4629-8CE4-C4718D2E278C}.Release|x64.ActiveCfg = Release|x64
		{41EB105C-05D3-4629-8CE4-C4718D2E278C}.Release|x64.Build.0 = Release|x64
		{41EB105C-05D3-4629-8CE4-C4718D2E278C}.Release|x86.ActiveCfg = Release|Any CPU
		{41EB105C-05D3-4629-8CE4-C4718D2E278C}.Release|x86.Build.0 = Release|Any CPU
		{41EB105C-05D3-4629-8CE4-C4718D2E278C}.SingleImage|Any CPU.ActiveCfg = Release|Any CPU
		{41EB105C-05D3-4629-8CE4-C4718D2E278C}.SingleImage|Any CPU.Build.0 = Release|Any CPU
		{41EB105C-05D3-4629-8CE4-C4718D2E278C}.SingleImage|Mixed Platforms.ActiveCfg = Release|Any CPU
		{41EB105C-05D3-4629-8CE4-C4718D2E278C}.SingleImage|Mixed Platforms.Build.0 = Release|Any CPU
		{41EB105C-05D3-4629-8CE4-C4718D2E278C}.SingleImage|x64.ActiveCfg = Release|x64
		{41EB105C-05D3-4629-8CE4-C4718D2E278C}.SingleImage|x64.Build.0 = Release|x64
		{41EB105C-05D3-4629-8CE4-C4718D2E278C}.SingleImage|x86.ActiveCfg = Release|Any CPU
		{727C9F78-694C-4C30-99DC-0C81D84B49A8}.CD_ROM|Any CPU.ActiveCfg = Release|Any CPU
		{727C9F78-694C-4C30-99DC-0C81D84B49A8}.CD_ROM|Any CPU.Build.0 = Release|Any CPU
		{727C9F78-694C-4C30-99DC-0C81D84B49A8}.CD_ROM|Mixed Platforms.ActiveCfg = Release|Any CPU
		{727C9F78-694C-4C30-99DC-0C81D84B49A8}.CD_ROM|Mixed Platforms.Build.0 = Release|Any CPU
		{727C9F78-694C-4C30-99DC-0C81D84B49A8}.CD_ROM|x64.ActiveCfg = Release|x64
		{727C9F78-694C-4C30-99DC-0C81D84B49A8}.CD_ROM|x64.Build.0 = Release|x64
		{727C9F78-694C-4C30-99DC-0C81D84B49A8}.CD_ROM|x86.ActiveCfg = Release|Any CPU
		{727C9F78-694C-4C30-99DC-0C81D84B49A8}.Debug|Any CPU.ActiveCfg = Debug|Any CPU
		{727C9F78-694C-4C30-99DC-0C81D84B49A8}.Debug|Any CPU.Build.0 = Debug|Any CPU
		{727C9F78-694C-4C30-99DC-0C81D84B49A8}.Debug|Mixed Platforms.ActiveCfg = Debug|Any CPU
		{727C9F78-694C-4C30-99DC-0C81D84B49A8}.Debug|Mixed Platforms.Build.0 = Debug|Any CPU
		{727C9F78-694C-4C30-99DC-0C81D84B49A8}.Debug|x64.ActiveCfg = Debug|x64
		{727C9F78-694C-4C30-99DC-0C81D84B49A8}.Debug|x64.Build.0 = Debug|x64
		{727C9F78-694C-4C30-99DC-0C81D84B49A8}.Debug|x86.ActiveCfg = Debug|x86
		{727C9F78-694C-4C30-99DC-0C81D84B49A8}.Debug|x86.Build.0 = Debug|x86
		{727C9F78-694C-4C30-99DC-0C81D84B49A8}.DVD-5|Any CPU.ActiveCfg = Debug|Any CPU
		{727C9F78-694C-4C30-99DC-0C81D84B49A8}.DVD-5|Any CPU.Build.0 = Debug|Any CPU
		{727C9F78-694C-4C30-99DC-0C81D84B49A8}.DVD-5|Mixed Platforms.ActiveCfg = Debug|Any CPU
		{727C9F78-694C-4C30-99DC-0C81D84B49A8}.DVD-5|Mixed Platforms.Build.0 = Debug|Any CPU
		{727C9F78-694C-4C30-99DC-0C81D84B49A8}.DVD-5|x64.ActiveCfg = Debug|x64
		{727C9F78-694C-4C30-99DC-0C81D84B49A8}.DVD-5|x64.Build.0 = Debug|x64
		{727C9F78-694C-4C30-99DC-0C81D84B49A8}.DVD-5|x86.ActiveCfg = Debug|Any CPU
		{727C9F78-694C-4C30-99DC-0C81D84B49A8}.Release|Any CPU.ActiveCfg = Release|Any CPU
		{727C9F78-694C-4C30-99DC-0C81D84B49A8}.Release|Any CPU.Build.0 = Release|Any CPU
		{727C9F78-694C-4C30-99DC-0C81D84B49A8}.Release|Mixed Platforms.ActiveCfg = Release|Any CPU
		{727C9F78-694C-4C30-99DC-0C81D84B49A8}.Release|Mixed Platforms.Build.0 = Release|Any CPU
		{727C9F78-694C-4C30-99DC-0C81D84B49A8}.Release|x64.ActiveCfg = Release|x64
		{727C9F78-694C-4C30-99DC-0C81D84B49A8}.Release|x64.Build.0 = Release|x64
		{727C9F78-694C-4C30-99DC-0C81D84B49A8}.Release|x86.ActiveCfg = Release|Any CPU
		{727C9F78-694C-4C30-99DC-0C81D84B49A8}.Release|x86.Build.0 = Release|Any CPU
		{727C9F78-694C-4C30-99DC-0C81D84B49A8}.SingleImage|Any CPU.ActiveCfg = Release|Any CPU
		{727C9F78-694C-4C30-99DC-0C81D84B49A8}.SingleImage|Any CPU.Build.0 = Release|Any CPU
		{727C9F78-694C-4C30-99DC-0C81D84B49A8}.SingleImage|Mixed Platforms.ActiveCfg = Release|Any CPU
		{727C9F78-694C-4C30-99DC-0C81D84B49A8}.SingleImage|Mixed Platforms.Build.0 = Release|Any CPU
		{727C9F78-694C-4C30-99DC-0C81D84B49A8}.SingleImage|x64.ActiveCfg = Release|x64
		{727C9F78-694C-4C30-99DC-0C81D84B49A8}.SingleImage|x64.Build.0 = Release|x64
		{727C9F78-694C-4C30-99DC-0C81D84B49A8}.SingleImage|x86.ActiveCfg = Release|Any CPU
		{618F796E-6ED6-4F5D-8BA9-08929DD46038}.CD_ROM|Any CPU.ActiveCfg = Release|Any CPU
		{618F796E-6ED6-4F5D-8BA9-08929DD46038}.CD_ROM|Any CPU.Build.0 = Release|Any CPU
		{618F796E-6ED6-4F5D-8BA9-08929DD46038}.CD_ROM|Mixed Platforms.ActiveCfg = Release|Any CPU
		{618F796E-6ED6-4F5D-8BA9-08929DD46038}.CD_ROM|Mixed Platforms.Build.0 = Release|Any CPU
		{618F796E-6ED6-4F5D-8BA9-08929DD46038}.CD_ROM|x64.ActiveCfg = Release|x64
		{618F796E-6ED6-4F5D-8BA9-08929DD46038}.CD_ROM|x64.Build.0 = Release|x64
		{618F796E-6ED6-4F5D-8BA9-08929DD46038}.CD_ROM|x86.ActiveCfg = Release|Any CPU
		{618F796E-6ED6-4F5D-8BA9-08929DD46038}.Debug|Any CPU.ActiveCfg = Debug|Any CPU
		{618F796E-6ED6-4F5D-8BA9-08929DD46038}.Debug|Any CPU.Build.0 = Debug|Any CPU
		{618F796E-6ED6-4F5D-8BA9-08929DD46038}.Debug|Mixed Platforms.ActiveCfg = Debug|Any CPU
		{618F796E-6ED6-4F5D-8BA9-08929DD46038}.Debug|Mixed Platforms.Build.0 = Debug|Any CPU
		{618F796E-6ED6-4F5D-8BA9-08929DD46038}.Debug|x64.ActiveCfg = Debug|x64
		{618F796E-6ED6-4F5D-8BA9-08929DD46038}.Debug|x64.Build.0 = Debug|x64
		{618F796E-6ED6-4F5D-8BA9-08929DD46038}.Debug|x86.ActiveCfg = Debug|x86
		{618F796E-6ED6-4F5D-8BA9-08929DD46038}.Debug|x86.Build.0 = Debug|x86
		{618F796E-6ED6-4F5D-8BA9-08929DD46038}.DVD-5|Any CPU.ActiveCfg = Debug|Any CPU
		{618F796E-6ED6-4F5D-8BA9-08929DD46038}.DVD-5|Any CPU.Build.0 = Debug|Any CPU
		{618F796E-6ED6-4F5D-8BA9-08929DD46038}.DVD-5|Mixed Platforms.ActiveCfg = Debug|Any CPU
		{618F796E-6ED6-4F5D-8BA9-08929DD46038}.DVD-5|Mixed Platforms.Build.0 = Debug|Any CPU
		{618F796E-6ED6-4F5D-8BA9-08929DD46038}.DVD-5|x64.ActiveCfg = Debug|x64
		{618F796E-6ED6-4F5D-8BA9-08929DD46038}.DVD-5|x64.Build.0 = Debug|x64
		{618F796E-6ED6-4F5D-8BA9-08929DD46038}.DVD-5|x86.ActiveCfg = Debug|Any CPU
		{618F796E-6ED6-4F5D-8BA9-08929DD46038}.Release|Any CPU.ActiveCfg = Release|Any CPU
		{618F796E-6ED6-4F5D-8BA9-08929DD46038}.Release|Any CPU.Build.0 = Release|Any CPU
		{618F796E-6ED6-4F5D-8BA9-08929DD46038}.Release|Mixed Platforms.ActiveCfg = Release|Any CPU
		{618F796E-6ED6-4F5D-8BA9-08929DD46038}.Release|Mixed Platforms.Build.0 = Release|Any CPU
		{618F796E-6ED6-4F5D-8BA9-08929DD46038}.Release|x64.ActiveCfg = Release|x64
		{618F796E-6ED6-4F5D-8BA9-08929DD46038}.Release|x64.Build.0 = Release|x64
		{618F796E-6ED6-4F5D-8BA9-08929DD46038}.Release|x86.ActiveCfg = Release|Any CPU
		{618F796E-6ED6-4F5D-8BA9-08929DD46038}.Release|x86.Build.0 = Release|Any CPU
		{618F796E-6ED6-4F5D-8BA9-08929DD46038}.SingleImage|Any CPU.ActiveCfg = Release|Any CPU
		{618F796E-6ED6-4F5D-8BA9-08929DD46038}.SingleImage|Any CPU.Build.0 = Release|Any CPU
		{618F796E-6ED6-4F5D-8BA9-08929DD46038}.SingleImage|Mixed Platforms.ActiveCfg = Release|Any CPU
		{618F796E-6ED6-4F5D-8BA9-08929DD46038}.SingleImage|Mixed Platforms.Build.0 = Release|Any CPU
		{618F796E-6ED6-4F5D-8BA9-08929DD46038}.SingleImage|x64.ActiveCfg = Release|x64
		{618F796E-6ED6-4F5D-8BA9-08929DD46038}.SingleImage|x64.Build.0 = Release|x64
		{618F796E-6ED6-4F5D-8BA9-08929DD46038}.SingleImage|x86.ActiveCfg = Release|Any CPU
		{8E3379F7-41FB-4A3B-B3EC-74451D7E9E6C}.CD_ROM|Any CPU.ActiveCfg = Release|Any CPU
		{8E3379F7-41FB-4A3B-B3EC-74451D7E9E6C}.CD_ROM|Any CPU.Build.0 = Release|Any CPU
		{8E3379F7-41FB-4A3B-B3EC-74451D7E9E6C}.CD_ROM|Mixed Platforms.ActiveCfg = Release|Any CPU
		{8E3379F7-41FB-4A3B-B3EC-74451D7E9E6C}.CD_ROM|Mixed Platforms.Build.0 = Release|Any CPU
		{8E3379F7-41FB-4A3B-B3EC-74451D7E9E6C}.CD_ROM|x64.ActiveCfg = Release|x64
		{8E3379F7-41FB-4A3B-B3EC-74451D7E9E6C}.CD_ROM|x64.Build.0 = Release|x64
		{8E3379F7-41FB-4A3B-B3EC-74451D7E9E6C}.CD_ROM|x86.ActiveCfg = Release|Any CPU
		{8E3379F7-41FB-4A3B-B3EC-74451D7E9E6C}.Debug|Any CPU.ActiveCfg = Debug|Any CPU
		{8E3379F7-41FB-4A3B-B3EC-74451D7E9E6C}.Debug|Any CPU.Build.0 = Debug|Any CPU
		{8E3379F7-41FB-4A3B-B3EC-74451D7E9E6C}.Debug|Mixed Platforms.ActiveCfg = Debug|Any CPU
		{8E3379F7-41FB-4A3B-B3EC-74451D7E9E6C}.Debug|Mixed Platforms.Build.0 = Debug|Any CPU
		{8E3379F7-41FB-4A3B-B3EC-74451D7E9E6C}.Debug|x64.ActiveCfg = Debug|x64
		{8E3379F7-41FB-4A3B-B3EC-74451D7E9E6C}.Debug|x64.Build.0 = Debug|x64
		{8E3379F7-41FB-4A3B-B3EC-74451D7E9E6C}.Debug|x86.ActiveCfg = Debug|x86
		{8E3379F7-41FB-4A3B-B3EC-74451D7E9E6C}.Debug|x86.Build.0 = Debug|x86
		{8E3379F7-41FB-4A3B-B3EC-74451D7E9E6C}.DVD-5|Any CPU.ActiveCfg = Debug|Any CPU
		{8E3379F7-41FB-4A3B-B3EC-74451D7E9E6C}.DVD-5|Any CPU.Build.0 = Debug|Any CPU
		{8E3379F7-41FB-4A3B-B3EC-74451D7E9E6C}.DVD-5|Mixed Platforms.ActiveCfg = Debug|Any CPU
		{8E3379F7-41FB-4A3B-B3EC-74451D7E9E6C}.DVD-5|Mixed Platforms.Build.0 = Debug|Any CPU
		{8E3379F7-41FB-4A3B-B3EC-74451D7E9E6C}.DVD-5|x64.ActiveCfg = Debug|x64
		{8E3379F7-41FB-4A3B-B3EC-74451D7E9E6C}.DVD-5|x64.Build.0 = Debug|x64
		{8E3379F7-41FB-4A3B-B3EC-74451D7E9E6C}.DVD-5|x86.ActiveCfg = Debug|Any CPU
		{8E3379F7-41FB-4A3B-B3EC-74451D7E9E6C}.Release|Any CPU.ActiveCfg = Release|Any CPU
		{8E3379F7-41FB-4A3B-B3EC-74451D7E9E6C}.Release|Any CPU.Build.0 = Release|Any CPU
		{8E3379F7-41FB-4A3B-B3EC-74451D7E9E6C}.Release|Mixed Platforms.ActiveCfg = Release|Any CPU
		{8E3379F7-41FB-4A3B-B3EC-74451D7E9E6C}.Release|Mixed Platforms.Build.0 = Release|Any CPU
		{8E3379F7-41FB-4A3B-B3EC-74451D7E9E6C}.Release|x64.ActiveCfg = Release|x64
		{8E3379F7-41FB-4A3B-B3EC-74451D7E9E6C}.Release|x64.Build.0 = Release|x64
		{8E3379F7-41FB-4A3B-B3EC-74451D7E9E6C}.Release|x86.ActiveCfg = Release|Any CPU
		{8E3379F7-41FB-4A3B-B3EC-74451D7E9E6C}.Release|x86.Build.0 = Release|Any CPU
		{8E3379F7-41FB-4A3B-B3EC-74451D7E9E6C}.SingleImage|Any CPU.ActiveCfg = Release|Any CPU
		{8E3379F7-41FB-4A3B-B3EC-74451D7E9E6C}.SingleImage|Any CPU.Build.0 = Release|Any CPU
		{8E3379F7-41FB-4A3B-B3EC-74451D7E9E6C}.SingleImage|Mixed Platforms.ActiveCfg = Release|Any CPU
		{8E3379F7-41FB-4A3B-B3EC-74451D7E9E6C}.SingleImage|Mixed Platforms.Build.0 = Release|Any CPU
		{8E3379F7-41FB-4A3B-B3EC-74451D7E9E6C}.SingleImage|x64.ActiveCfg = Release|x64
		{8E3379F7-41FB-4A3B-B3EC-74451D7E9E6C}.SingleImage|x64.Build.0 = Release|x64
		{8E3379F7-41FB-4A3B-B3EC-74451D7E9E6C}.SingleImage|x86.ActiveCfg = Release|Any CPU
		{F7A4A900-EC4B-48D4-8708-71F0EA844C09}.CD_ROM|Any CPU.ActiveCfg = Release|Any CPU
		{F7A4A900-EC4B-48D4-8708-71F0EA844C09}.CD_ROM|Any CPU.Build.0 = Release|Any CPU
		{F7A4A900-EC4B-48D4-8708-71F0EA844C09}.CD_ROM|Mixed Platforms.ActiveCfg = Release|Any CPU
		{F7A4A900-EC4B-48D4-8708-71F0EA844C09}.CD_ROM|Mixed Platforms.Build.0 = Release|Any CPU
		{F7A4A900-EC4B-48D4-8708-71F0EA844C09}.CD_ROM|x64.ActiveCfg = Release|x64
		{F7A4A900-EC4B-48D4-8708-71F0EA844C09}.CD_ROM|x64.Build.0 = Release|x64
		{F7A4A900-EC4B-48D4-8708-71F0EA844C09}.CD_ROM|x86.ActiveCfg = Release|Any CPU
		{F7A4A900-EC4B-48D4-8708-71F0EA844C09}.Debug|Any CPU.ActiveCfg = Debug|Any CPU
		{F7A4A900-EC4B-48D4-8708-71F0EA844C09}.Debug|Any CPU.Build.0 = Debug|Any CPU
		{F7A4A900-EC4B-48D4-8708-71F0EA844C09}.Debug|Mixed Platforms.ActiveCfg = Debug|Any CPU
		{F7A4A900-EC4B-48D4-8708-71F0EA844C09}.Debug|Mixed Platforms.Build.0 = Debug|Any CPU
		{F7A4A900-EC4B-48D4-8708-71F0EA844C09}.Debug|x64.ActiveCfg = Debug|x64
		{F7A4A900-EC4B-48D4-8708-71F0EA844C09}.Debug|x64.Build.0 = Debug|x64
		{F7A4A900-EC4B-48D4-8708-71F0EA844C09}.Debug|x86.ActiveCfg = Debug|x86
		{F7A4A900-EC4B-48D4-8708-71F0EA844C09}.Debug|x86.Build.0 = Debug|x86
		{F7A4A900-EC4B-48D4-8708-71F0EA844C09}.DVD-5|Any CPU.ActiveCfg = Debug|Any CPU
		{F7A4A900-EC4B-48D4-8708-71F0EA844C09}.DVD-5|Any CPU.Build.0 = Debug|Any CPU
		{F7A4A900-EC4B-48D4-8708-71F0EA844C09}.DVD-5|Mixed Platforms.ActiveCfg = Debug|Any CPU
		{F7A4A900-EC4B-48D4-8708-71F0EA844C09}.DVD-5|Mixed Platforms.Build.0 = Debug|Any CPU
		{F7A4A900-EC4B-48D4-8708-71F0EA844C09}.DVD-5|x64.ActiveCfg = Debug|x64
		{F7A4A900-EC4B-48D4-8708-71F0EA844C09}.DVD-5|x64.Build.0 = Debug|x64
		{F7A4A900-EC4B-48D4-8708-71F0EA844C09}.DVD-5|x86.ActiveCfg = Debug|Any CPU
		{F7A4A900-EC4B-48D4-8708-71F0EA844C09}.Release|Any CPU.ActiveCfg = Release|Any CPU
		{F7A4A900-EC4B-48D4-8708-71F0EA844C09}.Release|Any CPU.Build.0 = Release|Any CPU
		{F7A4A900-EC4B-48D4-8708-71F0EA844C09}.Release|Mixed Platforms.ActiveCfg = Release|Any CPU
		{F7A4A900-EC4B-48D4-8708-71F0EA844C09}.Release|Mixed Platforms.Build.0 = Release|Any CPU
		{F7A4A900-EC4B-48D4-8708-71F0EA844C09}.Release|x64.ActiveCfg = Release|x64
		{F7A4A900-EC4B-48D4-8708-71F0EA844C09}.Release|x64.Build.0 = Release|x64
		{F7A4A900-EC4B-48D4-8708-71F0EA844C09}.Release|x86.ActiveCfg = Release|Any CPU
		{F7A4A900-EC4B-48D4-8708-71F0EA844C09}.Release|x86.Build.0 = Release|Any CPU
		{F7A4A900-EC4B-48D4-8708-71F0EA844C09}.SingleImage|Any CPU.ActiveCfg = Release|Any CPU
		{F7A4A900-EC4B-48D4-8708-71F0EA844C09}.SingleImage|Any CPU.Build.0 = Release|Any CPU
		{F7A4A900-EC4B-48D4-8708-71F0EA844C09}.SingleImage|Mixed Platforms.ActiveCfg = Release|Any CPU
		{F7A4A900-EC4B-48D4-8708-71F0EA844C09}.SingleImage|Mixed Platforms.Build.0 = Release|Any CPU
		{F7A4A900-EC4B-48D4-8708-71F0EA844C09}.SingleImage|x64.ActiveCfg = Release|x64
		{F7A4A900-EC4B-48D4-8708-71F0EA844C09}.SingleImage|x64.Build.0 = Release|x64
		{F7A4A900-EC4B-48D4-8708-71F0EA844C09}.SingleImage|x86.ActiveCfg = Release|Any CPU
		{C6AF2F23-8196-45AD-8D1C-7B3D67370636}.CD_ROM|Any CPU.ActiveCfg = Release|Any CPU
		{C6AF2F23-8196-45AD-8D1C-7B3D67370636}.CD_ROM|Any CPU.Build.0 = Release|Any CPU
		{C6AF2F23-8196-45AD-8D1C-7B3D67370636}.CD_ROM|Mixed Platforms.ActiveCfg = Release|Any CPU
		{C6AF2F23-8196-45AD-8D1C-7B3D67370636}.CD_ROM|Mixed Platforms.Build.0 = Release|Any CPU
		{C6AF2F23-8196-45AD-8D1C-7B3D67370636}.CD_ROM|x64.ActiveCfg = Release|Any CPU
		{C6AF2F23-8196-45AD-8D1C-7B3D67370636}.CD_ROM|x86.ActiveCfg = Release|Any CPU
		{C6AF2F23-8196-45AD-8D1C-7B3D67370636}.Debug|Any CPU.ActiveCfg = Debug|Any CPU
		{C6AF2F23-8196-45AD-8D1C-7B3D67370636}.Debug|Any CPU.Build.0 = Debug|Any CPU
		{C6AF2F23-8196-45AD-8D1C-7B3D67370636}.Debug|Mixed Platforms.ActiveCfg = Debug|Any CPU
		{C6AF2F23-8196-45AD-8D1C-7B3D67370636}.Debug|Mixed Platforms.Build.0 = Debug|Any CPU
		{C6AF2F23-8196-45AD-8D1C-7B3D67370636}.Debug|x64.ActiveCfg = Debug|x64
		{C6AF2F23-8196-45AD-8D1C-7B3D67370636}.Debug|x64.Build.0 = Debug|x64
		{C6AF2F23-8196-45AD-8D1C-7B3D67370636}.Debug|x86.ActiveCfg = Debug|x86
		{C6AF2F23-8196-45AD-8D1C-7B3D67370636}.Debug|x86.Build.0 = Debug|x86
		{C6AF2F23-8196-45AD-8D1C-7B3D67370636}.DVD-5|Any CPU.ActiveCfg = Debug|Any CPU
		{C6AF2F23-8196-45AD-8D1C-7B3D67370636}.DVD-5|Any CPU.Build.0 = Debug|Any CPU
		{C6AF2F23-8196-45AD-8D1C-7B3D67370636}.DVD-5|Mixed Platforms.ActiveCfg = Debug|Any CPU
		{C6AF2F23-8196-45AD-8D1C-7B3D67370636}.DVD-5|Mixed Platforms.Build.0 = Debug|Any CPU
		{C6AF2F23-8196-45AD-8D1C-7B3D67370636}.DVD-5|x64.ActiveCfg = Debug|Any CPU
		{C6AF2F23-8196-45AD-8D1C-7B3D67370636}.DVD-5|x86.ActiveCfg = Debug|Any CPU
		{C6AF2F23-8196-45AD-8D1C-7B3D67370636}.Release|Any CPU.ActiveCfg = Release|Any CPU
		{C6AF2F23-8196-45AD-8D1C-7B3D67370636}.Release|Any CPU.Build.0 = Release|Any CPU
		{C6AF2F23-8196-45AD-8D1C-7B3D67370636}.Release|Mixed Platforms.ActiveCfg = Release|Any CPU
		{C6AF2F23-8196-45AD-8D1C-7B3D67370636}.Release|Mixed Platforms.Build.0 = Release|Any CPU
		{C6AF2F23-8196-45AD-8D1C-7B3D67370636}.Release|x64.ActiveCfg = Release|x64
		{C6AF2F23-8196-45AD-8D1C-7B3D67370636}.Release|x64.Build.0 = Release|x64
		{C6AF2F23-8196-45AD-8D1C-7B3D67370636}.Release|x86.ActiveCfg = Release|Any CPU
		{C6AF2F23-8196-45AD-8D1C-7B3D67370636}.Release|x86.Build.0 = Release|Any CPU
		{C6AF2F23-8196-45AD-8D1C-7B3D67370636}.SingleImage|Any CPU.ActiveCfg = Release|Any CPU
		{C6AF2F23-8196-45AD-8D1C-7B3D67370636}.SingleImage|Any CPU.Build.0 = Release|Any CPU
		{C6AF2F23-8196-45AD-8D1C-7B3D67370636}.SingleImage|Mixed Platforms.ActiveCfg = Release|Any CPU
		{C6AF2F23-8196-45AD-8D1C-7B3D67370636}.SingleImage|Mixed Platforms.Build.0 = Release|Any CPU
		{C6AF2F23-8196-45AD-8D1C-7B3D67370636}.SingleImage|x64.ActiveCfg = Release|x64
		{C6AF2F23-8196-45AD-8D1C-7B3D67370636}.SingleImage|x64.Build.0 = Release|x64
		{C6AF2F23-8196-45AD-8D1C-7B3D67370636}.SingleImage|x86.ActiveCfg = Release|Any CPU
		{60AE18B6-AF6C-413A-B2E3-A7E04F4796F3}.CD_ROM|Any CPU.ActiveCfg = Release|Any CPU
		{60AE18B6-AF6C-413A-B2E3-A7E04F4796F3}.CD_ROM|Any CPU.Build.0 = Release|Any CPU
		{60AE18B6-AF6C-413A-B2E3-A7E04F4796F3}.CD_ROM|Mixed Platforms.ActiveCfg = Release|Any CPU
		{60AE18B6-AF6C-413A-B2E3-A7E04F4796F3}.CD_ROM|Mixed Platforms.Build.0 = Release|Any CPU
		{60AE18B6-AF6C-413A-B2E3-A7E04F4796F3}.CD_ROM|x64.ActiveCfg = Release|x64
		{60AE18B6-AF6C-413A-B2E3-A7E04F4796F3}.CD_ROM|x64.Build.0 = Release|x64
		{60AE18B6-AF6C-413A-B2E3-A7E04F4796F3}.CD_ROM|x86.ActiveCfg = Release|Any CPU
		{60AE18B6-AF6C-413A-B2E3-A7E04F4796F3}.Debug|Any CPU.ActiveCfg = Debug|Any CPU
		{60AE18B6-AF6C-413A-B2E3-A7E04F4796F3}.Debug|Any CPU.Build.0 = Debug|Any CPU
		{60AE18B6-AF6C-413A-B2E3-A7E04F4796F3}.Debug|Mixed Platforms.ActiveCfg = Debug|Any CPU
		{60AE18B6-AF6C-413A-B2E3-A7E04F4796F3}.Debug|Mixed Platforms.Build.0 = Debug|Any CPU
		{60AE18B6-AF6C-413A-B2E3-A7E04F4796F3}.Debug|x64.ActiveCfg = Debug|x64
		{60AE18B6-AF6C-413A-B2E3-A7E04F4796F3}.Debug|x64.Build.0 = Debug|x64
		{60AE18B6-AF6C-413A-B2E3-A7E04F4796F3}.Debug|x86.ActiveCfg = Debug|x86
		{60AE18B6-AF6C-413A-B2E3-A7E04F4796F3}.Debug|x86.Build.0 = Debug|x86
		{60AE18B6-AF6C-413A-B2E3-A7E04F4796F3}.DVD-5|Any CPU.ActiveCfg = Debug|Any CPU
		{60AE18B6-AF6C-413A-B2E3-A7E04F4796F3}.DVD-5|Any CPU.Build.0 = Debug|Any CPU
		{60AE18B6-AF6C-413A-B2E3-A7E04F4796F3}.DVD-5|Mixed Platforms.ActiveCfg = Debug|Any CPU
		{60AE18B6-AF6C-413A-B2E3-A7E04F4796F3}.DVD-5|Mixed Platforms.Build.0 = Debug|Any CPU
		{60AE18B6-AF6C-413A-B2E3-A7E04F4796F3}.DVD-5|x64.ActiveCfg = Debug|x64
		{60AE18B6-AF6C-413A-B2E3-A7E04F4796F3}.DVD-5|x64.Build.0 = Debug|x64
		{60AE18B6-AF6C-413A-B2E3-A7E04F4796F3}.DVD-5|x86.ActiveCfg = Debug|Any CPU
		{60AE18B6-AF6C-413A-B2E3-A7E04F4796F3}.Release|Any CPU.ActiveCfg = Release|Any CPU
		{60AE18B6-AF6C-413A-B2E3-A7E04F4796F3}.Release|Any CPU.Build.0 = Release|Any CPU
		{60AE18B6-AF6C-413A-B2E3-A7E04F4796F3}.Release|Mixed Platforms.ActiveCfg = Release|x64
		{60AE18B6-AF6C-413A-B2E3-A7E04F4796F3}.Release|Mixed Platforms.Build.0 = Release|x64
		{60AE18B6-AF6C-413A-B2E3-A7E04F4796F3}.Release|x64.ActiveCfg = Release|x64
		{60AE18B6-AF6C-413A-B2E3-A7E04F4796F3}.Release|x64.Build.0 = Release|x64
		{60AE18B6-AF6C-413A-B2E3-A7E04F4796F3}.Release|x86.ActiveCfg = Release|Any CPU
		{60AE18B6-AF6C-413A-B2E3-A7E04F4796F3}.Release|x86.Build.0 = Release|Any CPU
		{60AE18B6-AF6C-413A-B2E3-A7E04F4796F3}.SingleImage|Any CPU.ActiveCfg = Release|Any CPU
		{60AE18B6-AF6C-413A-B2E3-A7E04F4796F3}.SingleImage|Any CPU.Build.0 = Release|Any CPU
		{60AE18B6-AF6C-413A-B2E3-A7E04F4796F3}.SingleImage|Mixed Platforms.ActiveCfg = Release|Any CPU
		{60AE18B6-AF6C-413A-B2E3-A7E04F4796F3}.SingleImage|Mixed Platforms.Build.0 = Release|Any CPU
		{60AE18B6-AF6C-413A-B2E3-A7E04F4796F3}.SingleImage|x64.ActiveCfg = Release|x64
		{60AE18B6-AF6C-413A-B2E3-A7E04F4796F3}.SingleImage|x64.Build.0 = Release|x64
		{60AE18B6-AF6C-413A-B2E3-A7E04F4796F3}.SingleImage|x86.ActiveCfg = Release|Any CPU
		{904720BA-1067-4167-8B47-6B08F269BE6C}.CD_ROM|Any CPU.ActiveCfg = Release|Any CPU
		{904720BA-1067-4167-8B47-6B08F269BE6C}.CD_ROM|Any CPU.Build.0 = Release|Any CPU
		{904720BA-1067-4167-8B47-6B08F269BE6C}.CD_ROM|Mixed Platforms.ActiveCfg = Release|x86
		{904720BA-1067-4167-8B47-6B08F269BE6C}.CD_ROM|Mixed Platforms.Build.0 = Release|x86
		{904720BA-1067-4167-8B47-6B08F269BE6C}.CD_ROM|x64.ActiveCfg = Release|Any CPU
		{904720BA-1067-4167-8B47-6B08F269BE6C}.CD_ROM|x86.ActiveCfg = Release|x86
		{904720BA-1067-4167-8B47-6B08F269BE6C}.CD_ROM|x86.Build.0 = Release|x86
		{904720BA-1067-4167-8B47-6B08F269BE6C}.Debug|Any CPU.ActiveCfg = Debug|Any CPU
		{904720BA-1067-4167-8B47-6B08F269BE6C}.Debug|Any CPU.Build.0 = Debug|Any CPU
		{904720BA-1067-4167-8B47-6B08F269BE6C}.Debug|Mixed Platforms.ActiveCfg = Debug|Any CPU
		{904720BA-1067-4167-8B47-6B08F269BE6C}.Debug|Mixed Platforms.Build.0 = Debug|Any CPU
		{904720BA-1067-4167-8B47-6B08F269BE6C}.Debug|x64.ActiveCfg = Debug|x64
		{904720BA-1067-4167-8B47-6B08F269BE6C}.Debug|x64.Build.0 = Debug|x64
		{904720BA-1067-4167-8B47-6B08F269BE6C}.Debug|x86.ActiveCfg = Debug|x86
		{904720BA-1067-4167-8B47-6B08F269BE6C}.Debug|x86.Build.0 = Debug|x86
		{904720BA-1067-4167-8B47-6B08F269BE6C}.DVD-5|Any CPU.ActiveCfg = Debug|Any CPU
		{904720BA-1067-4167-8B47-6B08F269BE6C}.DVD-5|Any CPU.Build.0 = Debug|Any CPU
		{904720BA-1067-4167-8B47-6B08F269BE6C}.DVD-5|Mixed Platforms.ActiveCfg = Debug|x86
		{904720BA-1067-4167-8B47-6B08F269BE6C}.DVD-5|Mixed Platforms.Build.0 = Debug|x86
		{904720BA-1067-4167-8B47-6B08F269BE6C}.DVD-5|x64.ActiveCfg = Debug|Any CPU
		{904720BA-1067-4167-8B47-6B08F269BE6C}.DVD-5|x86.ActiveCfg = Debug|x86
		{904720BA-1067-4167-8B47-6B08F269BE6C}.DVD-5|x86.Build.0 = Debug|x86
		{904720BA-1067-4167-8B47-6B08F269BE6C}.Release|Any CPU.ActiveCfg = Release|Any CPU
		{904720BA-1067-4167-8B47-6B08F269BE6C}.Release|Any CPU.Build.0 = Release|Any CPU
		{904720BA-1067-4167-8B47-6B08F269BE6C}.Release|Mixed Platforms.ActiveCfg = Release|x86
		{904720BA-1067-4167-8B47-6B08F269BE6C}.Release|x64.ActiveCfg = Release|x64
		{904720BA-1067-4167-8B47-6B08F269BE6C}.Release|x64.Build.0 = Release|x64
		{904720BA-1067-4167-8B47-6B08F269BE6C}.Release|x86.ActiveCfg = Release|Any CPU
		{904720BA-1067-4167-8B47-6B08F269BE6C}.Release|x86.Build.0 = Release|Any CPU
		{904720BA-1067-4167-8B47-6B08F269BE6C}.SingleImage|Any CPU.ActiveCfg = Release|Any CPU
		{904720BA-1067-4167-8B47-6B08F269BE6C}.SingleImage|Any CPU.Build.0 = Release|Any CPU
		{904720BA-1067-4167-8B47-6B08F269BE6C}.SingleImage|Mixed Platforms.ActiveCfg = Release|x86
		{904720BA-1067-4167-8B47-6B08F269BE6C}.SingleImage|Mixed Platforms.Build.0 = Release|x86
		{904720BA-1067-4167-8B47-6B08F269BE6C}.SingleImage|x64.ActiveCfg = Release|x64
		{904720BA-1067-4167-8B47-6B08F269BE6C}.SingleImage|x64.Build.0 = Release|x64
		{904720BA-1067-4167-8B47-6B08F269BE6C}.SingleImage|x86.ActiveCfg = Release|x86
		{904720BA-1067-4167-8B47-6B08F269BE6C}.SingleImage|x86.Build.0 = Release|x86
		{D702D6BC-3B82-46D9-9802-DB767B9BC5D1}.CD_ROM|Any CPU.ActiveCfg = Release|Any CPU
		{D702D6BC-3B82-46D9-9802-DB767B9BC5D1}.CD_ROM|Any CPU.Build.0 = Release|Any CPU
		{D702D6BC-3B82-46D9-9802-DB767B9BC5D1}.CD_ROM|Mixed Platforms.ActiveCfg = Release|Any CPU
		{D702D6BC-3B82-46D9-9802-DB767B9BC5D1}.CD_ROM|Mixed Platforms.Build.0 = Release|Any CPU
		{D702D6BC-3B82-46D9-9802-DB767B9BC5D1}.CD_ROM|x64.ActiveCfg = Release|Any CPU
		{D702D6BC-3B82-46D9-9802-DB767B9BC5D1}.CD_ROM|x86.ActiveCfg = Release|Any CPU
		{D702D6BC-3B82-46D9-9802-DB767B9BC5D1}.Debug|Any CPU.ActiveCfg = Debug|Any CPU
		{D702D6BC-3B82-46D9-9802-DB767B9BC5D1}.Debug|Any CPU.Build.0 = Debug|Any CPU
		{D702D6BC-3B82-46D9-9802-DB767B9BC5D1}.Debug|Mixed Platforms.ActiveCfg = Debug|Any CPU
		{D702D6BC-3B82-46D9-9802-DB767B9BC5D1}.Debug|Mixed Platforms.Build.0 = Debug|Any CPU
		{D702D6BC-3B82-46D9-9802-DB767B9BC5D1}.Debug|x64.ActiveCfg = Debug|x64
		{D702D6BC-3B82-46D9-9802-DB767B9BC5D1}.Debug|x64.Build.0 = Debug|x64
		{D702D6BC-3B82-46D9-9802-DB767B9BC5D1}.Debug|x86.ActiveCfg = Debug|x86
		{D702D6BC-3B82-46D9-9802-DB767B9BC5D1}.Debug|x86.Build.0 = Debug|x86
		{D702D6BC-3B82-46D9-9802-DB767B9BC5D1}.DVD-5|Any CPU.ActiveCfg = Debug|Any CPU
		{D702D6BC-3B82-46D9-9802-DB767B9BC5D1}.DVD-5|Any CPU.Build.0 = Debug|Any CPU
		{D702D6BC-3B82-46D9-9802-DB767B9BC5D1}.DVD-5|Mixed Platforms.ActiveCfg = Debug|Any CPU
		{D702D6BC-3B82-46D9-9802-DB767B9BC5D1}.DVD-5|Mixed Platforms.Build.0 = Debug|Any CPU
		{D702D6BC-3B82-46D9-9802-DB767B9BC5D1}.DVD-5|x64.ActiveCfg = Debug|Any CPU
		{D702D6BC-3B82-46D9-9802-DB767B9BC5D1}.DVD-5|x86.ActiveCfg = Debug|Any CPU
		{D702D6BC-3B82-46D9-9802-DB767B9BC5D1}.Release|Any CPU.ActiveCfg = Release|Any CPU
		{D702D6BC-3B82-46D9-9802-DB767B9BC5D1}.Release|Any CPU.Build.0 = Release|Any CPU
		{D702D6BC-3B82-46D9-9802-DB767B9BC5D1}.Release|Mixed Platforms.ActiveCfg = Release|Any CPU
		{D702D6BC-3B82-46D9-9802-DB767B9BC5D1}.Release|Mixed Platforms.Build.0 = Release|Any CPU
		{D702D6BC-3B82-46D9-9802-DB767B9BC5D1}.Release|x64.ActiveCfg = Release|x64
		{D702D6BC-3B82-46D9-9802-DB767B9BC5D1}.Release|x64.Build.0 = Release|x64
		{D702D6BC-3B82-46D9-9802-DB767B9BC5D1}.Release|x86.ActiveCfg = Release|Any CPU
		{D702D6BC-3B82-46D9-9802-DB767B9BC5D1}.Release|x86.Build.0 = Release|Any CPU
		{D702D6BC-3B82-46D9-9802-DB767B9BC5D1}.SingleImage|Any CPU.ActiveCfg = Release|Any CPU
		{D702D6BC-3B82-46D9-9802-DB767B9BC5D1}.SingleImage|Any CPU.Build.0 = Release|Any CPU
		{D702D6BC-3B82-46D9-9802-DB767B9BC5D1}.SingleImage|Mixed Platforms.ActiveCfg = Release|Any CPU
		{D702D6BC-3B82-46D9-9802-DB767B9BC5D1}.SingleImage|Mixed Platforms.Build.0 = Release|Any CPU
		{D702D6BC-3B82-46D9-9802-DB767B9BC5D1}.SingleImage|x64.ActiveCfg = Release|x64
		{D702D6BC-3B82-46D9-9802-DB767B9BC5D1}.SingleImage|x64.Build.0 = Release|x64
		{D702D6BC-3B82-46D9-9802-DB767B9BC5D1}.SingleImage|x86.ActiveCfg = Release|Any CPU
		{AB2525A9-F536-42CB-8D40-3B6483E7AA53}.CD_ROM|Any CPU.ActiveCfg = Release|Any CPU
		{AB2525A9-F536-42CB-8D40-3B6483E7AA53}.CD_ROM|Any CPU.Build.0 = Release|Any CPU
		{AB2525A9-F536-42CB-8D40-3B6483E7AA53}.CD_ROM|Mixed Platforms.ActiveCfg = Release|Any CPU
		{AB2525A9-F536-42CB-8D40-3B6483E7AA53}.CD_ROM|Mixed Platforms.Build.0 = Release|Any CPU
		{AB2525A9-F536-42CB-8D40-3B6483E7AA53}.CD_ROM|x64.ActiveCfg = Release|Any CPU
		{AB2525A9-F536-42CB-8D40-3B6483E7AA53}.CD_ROM|x86.ActiveCfg = Release|Any CPU
		{AB2525A9-F536-42CB-8D40-3B6483E7AA53}.Debug|Any CPU.ActiveCfg = Debug|Any CPU
		{AB2525A9-F536-42CB-8D40-3B6483E7AA53}.Debug|Any CPU.Build.0 = Debug|Any CPU
		{AB2525A9-F536-42CB-8D40-3B6483E7AA53}.Debug|Mixed Platforms.ActiveCfg = Debug|Any CPU
		{AB2525A9-F536-42CB-8D40-3B6483E7AA53}.Debug|Mixed Platforms.Build.0 = Debug|Any CPU
		{AB2525A9-F536-42CB-8D40-3B6483E7AA53}.Debug|x64.ActiveCfg = Debug|x64
		{AB2525A9-F536-42CB-8D40-3B6483E7AA53}.Debug|x64.Build.0 = Debug|x64
		{AB2525A9-F536-42CB-8D40-3B6483E7AA53}.Debug|x86.ActiveCfg = Debug|Any CPU
		{AB2525A9-F536-42CB-8D40-3B6483E7AA53}.DVD-5|Any CPU.ActiveCfg = Debug|Any CPU
		{AB2525A9-F536-42CB-8D40-3B6483E7AA53}.DVD-5|Any CPU.Build.0 = Debug|Any CPU
		{AB2525A9-F536-42CB-8D40-3B6483E7AA53}.DVD-5|Mixed Platforms.ActiveCfg = Debug|Any CPU
		{AB2525A9-F536-42CB-8D40-3B6483E7AA53}.DVD-5|Mixed Platforms.Build.0 = Debug|Any CPU
		{AB2525A9-F536-42CB-8D40-3B6483E7AA53}.DVD-5|x64.ActiveCfg = Debug|Any CPU
		{AB2525A9-F536-42CB-8D40-3B6483E7AA53}.DVD-5|x86.ActiveCfg = Debug|Any CPU
		{AB2525A9-F536-42CB-8D40-3B6483E7AA53}.Release|Any CPU.ActiveCfg = Release|Any CPU
		{AB2525A9-F536-42CB-8D40-3B6483E7AA53}.Release|Any CPU.Build.0 = Release|Any CPU
		{AB2525A9-F536-42CB-8D40-3B6483E7AA53}.Release|Mixed Platforms.ActiveCfg = Release|Any CPU
		{AB2525A9-F536-42CB-8D40-3B6483E7AA53}.Release|Mixed Platforms.Build.0 = Release|Any CPU
		{AB2525A9-F536-42CB-8D40-3B6483E7AA53}.Release|x64.ActiveCfg = Release|x64
		{AB2525A9-F536-42CB-8D40-3B6483E7AA53}.Release|x64.Build.0 = Release|x64
		{AB2525A9-F536-42CB-8D40-3B6483E7AA53}.Release|x86.ActiveCfg = Release|Any CPU
		{AB2525A9-F536-42CB-8D40-3B6483E7AA53}.Release|x86.Build.0 = Release|Any CPU
		{AB2525A9-F536-42CB-8D40-3B6483E7AA53}.SingleImage|Any CPU.ActiveCfg = Release|Any CPU
		{AB2525A9-F536-42CB-8D40-3B6483E7AA53}.SingleImage|Any CPU.Build.0 = Release|Any CPU
		{AB2525A9-F536-42CB-8D40-3B6483E7AA53}.SingleImage|Mixed Platforms.ActiveCfg = Release|Any CPU
		{AB2525A9-F536-42CB-8D40-3B6483E7AA53}.SingleImage|Mixed Platforms.Build.0 = Release|Any CPU
		{AB2525A9-F536-42CB-8D40-3B6483E7AA53}.SingleImage|x64.ActiveCfg = Release|x64
		{AB2525A9-F536-42CB-8D40-3B6483E7AA53}.SingleImage|x64.Build.0 = Release|x64
		{AB2525A9-F536-42CB-8D40-3B6483E7AA53}.SingleImage|x86.ActiveCfg = Release|Any CPU
		{B96AEE3A-ECD0-4937-A5B7-999A111726D1}.CD_ROM|Any CPU.ActiveCfg = Release|Any CPU
		{B96AEE3A-ECD0-4937-A5B7-999A111726D1}.CD_ROM|Any CPU.Build.0 = Release|Any CPU
		{B96AEE3A-ECD0-4937-A5B7-999A111726D1}.CD_ROM|Mixed Platforms.ActiveCfg = Release|Any CPU
		{B96AEE3A-ECD0-4937-A5B7-999A111726D1}.CD_ROM|Mixed Platforms.Build.0 = Release|Any CPU
		{B96AEE3A-ECD0-4937-A5B7-999A111726D1}.CD_ROM|x64.ActiveCfg = Release|Any CPU
		{B96AEE3A-ECD0-4937-A5B7-999A111726D1}.CD_ROM|x64.Build.0 = Release|Any CPU
		{B96AEE3A-ECD0-4937-A5B7-999A111726D1}.CD_ROM|x86.ActiveCfg = Release|Any CPU
		{B96AEE3A-ECD0-4937-A5B7-999A111726D1}.CD_ROM|x86.Build.0 = Release|Any CPU
		{B96AEE3A-ECD0-4937-A5B7-999A111726D1}.Debug|Any CPU.ActiveCfg = Debug|Any CPU
		{B96AEE3A-ECD0-4937-A5B7-999A111726D1}.Debug|Any CPU.Build.0 = Debug|Any CPU
		{B96AEE3A-ECD0-4937-A5B7-999A111726D1}.Debug|Mixed Platforms.ActiveCfg = Debug|Any CPU
		{B96AEE3A-ECD0-4937-A5B7-999A111726D1}.Debug|Mixed Platforms.Build.0 = Debug|Any CPU
		{B96AEE3A-ECD0-4937-A5B7-999A111726D1}.Debug|x64.ActiveCfg = Debug|Any CPU
		{B96AEE3A-ECD0-4937-A5B7-999A111726D1}.Debug|x64.Build.0 = Debug|Any CPU
		{B96AEE3A-ECD0-4937-A5B7-999A111726D1}.Debug|x86.ActiveCfg = Debug|Any CPU
		{B96AEE3A-ECD0-4937-A5B7-999A111726D1}.Debug|x86.Build.0 = Debug|Any CPU
		{B96AEE3A-ECD0-4937-A5B7-999A111726D1}.DVD-5|Any CPU.ActiveCfg = Debug|Any CPU
		{B96AEE3A-ECD0-4937-A5B7-999A111726D1}.DVD-5|Any CPU.Build.0 = Debug|Any CPU
		{B96AEE3A-ECD0-4937-A5B7-999A111726D1}.DVD-5|Mixed Platforms.ActiveCfg = Debug|Any CPU
		{B96AEE3A-ECD0-4937-A5B7-999A111726D1}.DVD-5|Mixed Platforms.Build.0 = Debug|Any CPU
		{B96AEE3A-ECD0-4937-A5B7-999A111726D1}.DVD-5|x64.ActiveCfg = Debug|Any CPU
		{B96AEE3A-ECD0-4937-A5B7-999A111726D1}.DVD-5|x64.Build.0 = Debug|Any CPU
		{B96AEE3A-ECD0-4937-A5B7-999A111726D1}.DVD-5|x86.ActiveCfg = Debug|Any CPU
		{B96AEE3A-ECD0-4937-A5B7-999A111726D1}.DVD-5|x86.Build.0 = Debug|Any CPU
		{B96AEE3A-ECD0-4937-A5B7-999A111726D1}.Release|Any CPU.ActiveCfg = Release|Any CPU
		{B96AEE3A-ECD0-4937-A5B7-999A111726D1}.Release|Any CPU.Build.0 = Release|Any CPU
		{B96AEE3A-ECD0-4937-A5B7-999A111726D1}.Release|Mixed Platforms.ActiveCfg = Release|Any CPU
		{B96AEE3A-ECD0-4937-A5B7-999A111726D1}.Release|Mixed Platforms.Build.0 = Release|Any CPU
		{B96AEE3A-ECD0-4937-A5B7-999A111726D1}.Release|x64.ActiveCfg = Release|Any CPU
		{B96AEE3A-ECD0-4937-A5B7-999A111726D1}.Release|x64.Build.0 = Release|Any CPU
		{B96AEE3A-ECD0-4937-A5B7-999A111726D1}.Release|x86.ActiveCfg = Release|Any CPU
		{B96AEE3A-ECD0-4937-A5B7-999A111726D1}.Release|x86.Build.0 = Release|Any CPU
		{B96AEE3A-ECD0-4937-A5B7-999A111726D1}.SingleImage|Any CPU.ActiveCfg = Release|Any CPU
		{B96AEE3A-ECD0-4937-A5B7-999A111726D1}.SingleImage|Any CPU.Build.0 = Release|Any CPU
		{B96AEE3A-ECD0-4937-A5B7-999A111726D1}.SingleImage|Mixed Platforms.ActiveCfg = Release|Any CPU
		{B96AEE3A-ECD0-4937-A5B7-999A111726D1}.SingleImage|Mixed Platforms.Build.0 = Release|Any CPU
		{B96AEE3A-ECD0-4937-A5B7-999A111726D1}.SingleImage|x64.ActiveCfg = Release|Any CPU
		{B96AEE3A-ECD0-4937-A5B7-999A111726D1}.SingleImage|x86.ActiveCfg = Release|Any CPU
		{B96AEE3A-ECD0-4937-A5B7-999A111726D1}.SingleImage|x86.Build.0 = Release|Any CPU
	EndGlobalSection
	GlobalSection(SolutionProperties) = preSolution
		HideSolutionNode = FALSE
	EndGlobalSection
	GlobalSection(ExtensibilityGlobals) = postSolution
		SolutionGuid = {43E9E1E4-2785-4017-827E-4E8A5BF5D474}
	EndGlobalSection
	GlobalSection(SubversionScc) = preSolution
		Svn-Managed = True
		Manager = AnkhSVN - Subversion Support for Visual Studio
	EndGlobalSection
EndGlobal
